// !$*UTF8*$!
{
	archiveVersion = 1;
	classes = {
	};
	objectVersion = 50;
	objects = {

/* Begin PBXBuildFile section */
		E5EAFE3326010311003A4F37 /* CalculateScore.swift in Sources */ = {isa = PBXBuildFile; fileRef = E5EAFE3226010311003A4F37 /* CalculateScore.swift */; };
		E7DDA3B125D11A1B004F60E5 /* AppDelegate.swift in Sources */ = {isa = PBXBuildFile; fileRef = E7DDA3B025D11A1B004F60E5 /* AppDelegate.swift */; };
		E7DDA3B325D11A1B004F60E5 /* SceneDelegate.swift in Sources */ = {isa = PBXBuildFile; fileRef = E7DDA3B225D11A1B004F60E5 /* SceneDelegate.swift */; };
		E7DDA3B525D11A1B004F60E5 /* ViewController.swift in Sources */ = {isa = PBXBuildFile; fileRef = E7DDA3B425D11A1B004F60E5 /* ViewController.swift */; };
		E7DDA3B825D11A1B004F60E5 /* Main.storyboard in Resources */ = {isa = PBXBuildFile; fileRef = E7DDA3B625D11A1B004F60E5 /* Main.storyboard */; };
		E7DDA3BA25D11A1C004F60E5 /* Assets.xcassets in Resources */ = {isa = PBXBuildFile; fileRef = E7DDA3B925D11A1C004F60E5 /* Assets.xcassets */; };
		E7DDA3BD25D11A1C004F60E5 /* LaunchScreen.storyboard in Resources */ = {isa = PBXBuildFile; fileRef = E7DDA3BB25D11A1C004F60E5 /* LaunchScreen.storyboard */; };
		E7DDA3C825D11A1C004F60E5 /* AudioRecorderTests.swift in Sources */ = {isa = PBXBuildFile; fileRef = E7DDA3C725D11A1C004F60E5 /* AudioRecorderTests.swift */; };
		E7DDA3D325D11A1C004F60E5 /* AudioRecorderUITests.swift in Sources */ = {isa = PBXBuildFile; fileRef = E7DDA3D225D11A1C004F60E5 /* AudioRecorderUITests.swift */; };
		E7DDA3E425D11A2C004F60E5 /* AudioRecorder.swift in Sources */ = {isa = PBXBuildFile; fileRef = E7DDA3E325D11A2C004F60E5 /* AudioRecorder.swift */; };
		E7DDA3E925D13E4E004F60E5 /* AudioPlayer.swift in Sources */ = {isa = PBXBuildFile; fileRef = E7DDA3E825D13E4E004F60E5 /* AudioPlayer.swift */; };
/* End PBXBuildFile section */

/* Begin PBXContainerItemProxy section */
		E7DDA3C425D11A1C004F60E5 /* PBXContainerItemProxy */ = {
			isa = PBXContainerItemProxy;
			containerPortal = E7DDA3A525D11A1B004F60E5 /* Project object */;
			proxyType = 1;
			remoteGlobalIDString = E7DDA3AC25D11A1B004F60E5;
			remoteInfo = AudioRecorder;
		};
		E7DDA3CF25D11A1C004F60E5 /* PBXContainerItemProxy */ = {
			isa = PBXContainerItemProxy;
			containerPortal = E7DDA3A525D11A1B004F60E5 /* Project object */;
			proxyType = 1;
			remoteGlobalIDString = E7DDA3AC25D11A1B004F60E5;
			remoteInfo = AudioRecorder;
		};
/* End PBXContainerItemProxy section */

/* Begin PBXFileReference section */
		E5EAFE3226010311003A4F37 /* CalculateScore.swift */ = {isa = PBXFileReference; lastKnownFileType = sourcecode.swift; path = CalculateScore.swift; sourceTree = "<group>"; };
		E7DDA3AD25D11A1B004F60E5 /* AudioRecorder.app */ = {isa = PBXFileReference; explicitFileType = wrapper.application; includeInIndex = 0; path = AudioRecorder.app; sourceTree = BUILT_PRODUCTS_DIR; };
		E7DDA3B025D11A1B004F60E5 /* AppDelegate.swift */ = {isa = PBXFileReference; lastKnownFileType = sourcecode.swift; path = AppDelegate.swift; sourceTree = "<group>"; };
		E7DDA3B225D11A1B004F60E5 /* SceneDelegate.swift */ = {isa = PBXFileReference; lastKnownFileType = sourcecode.swift; path = SceneDelegate.swift; sourceTree = "<group>"; };
		E7DDA3B425D11A1B004F60E5 /* ViewController.swift */ = {isa = PBXFileReference; lastKnownFileType = sourcecode.swift; path = ViewController.swift; sourceTree = "<group>"; };
		E7DDA3B725D11A1B004F60E5 /* Base */ = {isa = PBXFileReference; lastKnownFileType = file.storyboard; name = Base; path = Base.lproj/Main.storyboard; sourceTree = "<group>"; };
		E7DDA3B925D11A1C004F60E5 /* Assets.xcassets */ = {isa = PBXFileReference; lastKnownFileType = folder.assetcatalog; path = Assets.xcassets; sourceTree = "<group>"; };
		E7DDA3BC25D11A1C004F60E5 /* Base */ = {isa = PBXFileReference; lastKnownFileType = file.storyboard; name = Base; path = Base.lproj/LaunchScreen.storyboard; sourceTree = "<group>"; };
		E7DDA3BE25D11A1C004F60E5 /* Info.plist */ = {isa = PBXFileReference; lastKnownFileType = text.plist.xml; path = Info.plist; sourceTree = "<group>"; };
		E7DDA3C325D11A1C004F60E5 /* AudioRecorderTests.xctest */ = {isa = PBXFileReference; explicitFileType = wrapper.cfbundle; includeInIndex = 0; path = AudioRecorderTests.xctest; sourceTree = BUILT_PRODUCTS_DIR; };
		E7DDA3C725D11A1C004F60E5 /* AudioRecorderTests.swift */ = {isa = PBXFileReference; lastKnownFileType = sourcecode.swift; path = AudioRecorderTests.swift; sourceTree = "<group>"; };
		E7DDA3C925D11A1C004F60E5 /* Info.plist */ = {isa = PBXFileReference; lastKnownFileType = text.plist.xml; path = Info.plist; sourceTree = "<group>"; };
		E7DDA3CE25D11A1C004F60E5 /* AudioRecorderUITests.xctest */ = {isa = PBXFileReference; explicitFileType = wrapper.cfbundle; includeInIndex = 0; path = AudioRecorderUITests.xctest; sourceTree = BUILT_PRODUCTS_DIR; };
		E7DDA3D225D11A1C004F60E5 /* AudioRecorderUITests.swift */ = {isa = PBXFileReference; lastKnownFileType = sourcecode.swift; path = AudioRecorderUITests.swift; sourceTree = "<group>"; };
		E7DDA3D425D11A1C004F60E5 /* Info.plist */ = {isa = PBXFileReference; lastKnownFileType = text.plist.xml; path = Info.plist; sourceTree = "<group>"; };
		E7DDA3E325D11A2C004F60E5 /* AudioRecorder.swift */ = {isa = PBXFileReference; fileEncoding = 4; lastKnownFileType = sourcecode.swift; path = AudioRecorder.swift; sourceTree = "<group>"; };
		E7DDA3E825D13E4E004F60E5 /* AudioPlayer.swift */ = {isa = PBXFileReference; fileEncoding = 4; lastKnownFileType = sourcecode.swift; path = AudioPlayer.swift; sourceTree = "<group>"; };
/* End PBXFileReference section */

/* Begin PBXFrameworksBuildPhase section */
		E7DDA3AA25D11A1B004F60E5 /* Frameworks */ = {
			isa = PBXFrameworksBuildPhase;
			buildActionMask = 2147483647;
			files = (
			);
			runOnlyForDeploymentPostprocessing = 0;
		};
		E7DDA3C025D11A1C004F60E5 /* Frameworks */ = {
			isa = PBXFrameworksBuildPhase;
			buildActionMask = 2147483647;
			files = (
			);
			runOnlyForDeploymentPostprocessing = 0;
		};
		E7DDA3CB25D11A1C004F60E5 /* Frameworks */ = {
			isa = PBXFrameworksBuildPhase;
			buildActionMask = 2147483647;
			files = (
			);
			runOnlyForDeploymentPostprocessing = 0;
		};
/* End PBXFrameworksBuildPhase section */

/* Begin PBXGroup section */
		E7DDA3A425D11A1B004F60E5 = {
			isa = PBXGroup;
			children = (
				E7DDA3AF25D11A1B004F60E5 /* AudioRecorder */,
				E7DDA3C625D11A1C004F60E5 /* AudioRecorderTests */,
				E7DDA3D125D11A1C004F60E5 /* AudioRecorderUITests */,
				E7DDA3AE25D11A1B004F60E5 /* Products */,
			);
			sourceTree = "<group>";
		};
		E7DDA3AE25D11A1B004F60E5 /* Products */ = {
			isa = PBXGroup;
			children = (
				E7DDA3AD25D11A1B004F60E5 /* AudioRecorder.app */,
				E7DDA3C325D11A1C004F60E5 /* AudioRecorderTests.xctest */,
				E7DDA3CE25D11A1C004F60E5 /* AudioRecorderUITests.xctest */,
			);
			name = Products;
			sourceTree = "<group>";
		};
		E7DDA3AF25D11A1B004F60E5 /* AudioRecorder */ = {
			isa = PBXGroup;
			children = (
				E7DDA3B025D11A1B004F60E5 /* AppDelegate.swift */,
				E7DDA3B225D11A1B004F60E5 /* SceneDelegate.swift */,
				E7DDA3B425D11A1B004F60E5 /* ViewController.swift */,
				E7DDA3E325D11A2C004F60E5 /* AudioRecorder.swift */,
				E7DDA3E825D13E4E004F60E5 /* AudioPlayer.swift */,
				E7DDA3B625D11A1B004F60E5 /* Main.storyboard */,
				E7DDA3B925D11A1C004F60E5 /* Assets.xcassets */,
				E7DDA3BB25D11A1C004F60E5 /* LaunchScreen.storyboard */,
				E7DDA3BE25D11A1C004F60E5 /* Info.plist */,
				E5EAFE3226010311003A4F37 /* CalculateScore.swift */,
			);
			path = AudioRecorder;
			sourceTree = "<group>";
		};
		E7DDA3C625D11A1C004F60E5 /* AudioRecorderTests */ = {
			isa = PBXGroup;
			children = (
				E7DDA3C725D11A1C004F60E5 /* AudioRecorderTests.swift */,
				E7DDA3C925D11A1C004F60E5 /* Info.plist */,
			);
			path = AudioRecorderTests;
			sourceTree = "<group>";
		};
		E7DDA3D125D11A1C004F60E5 /* AudioRecorderUITests */ = {
			isa = PBXGroup;
			children = (
				E7DDA3D225D11A1C004F60E5 /* AudioRecorderUITests.swift */,
				E7DDA3D425D11A1C004F60E5 /* Info.plist */,
			);
			path = AudioRecorderUITests;
			sourceTree = "<group>";
		};
/* End PBXGroup section */

/* Begin PBXNativeTarget section */
		E7DDA3AC25D11A1B004F60E5 /* AudioRecorder */ = {
			isa = PBXNativeTarget;
			buildConfigurationList = E7DDA3D725D11A1C004F60E5 /* Build configuration list for PBXNativeTarget "AudioRecorder" */;
			buildPhases = (
				E7DDA3A925D11A1B004F60E5 /* Sources */,
				E7DDA3AA25D11A1B004F60E5 /* Frameworks */,
				E7DDA3AB25D11A1B004F60E5 /* Resources */,
			);
			buildRules = (
			);
			dependencies = (
			);
			name = AudioRecorder;
			productName = AudioRecorder;
			productReference = E7DDA3AD25D11A1B004F60E5 /* AudioRecorder.app */;
			productType = "com.apple.product-type.application";
		};
		E7DDA3C225D11A1C004F60E5 /* AudioRecorderTests */ = {
			isa = PBXNativeTarget;
			buildConfigurationList = E7DDA3DA25D11A1C004F60E5 /* Build configuration list for PBXNativeTarget "AudioRecorderTests" */;
			buildPhases = (
				E7DDA3BF25D11A1C004F60E5 /* Sources */,
				E7DDA3C025D11A1C004F60E5 /* Frameworks */,
				E7DDA3C125D11A1C004F60E5 /* Resources */,
			);
			buildRules = (
			);
			dependencies = (
				E7DDA3C525D11A1C004F60E5 /* PBXTargetDependency */,
			);
			name = AudioRecorderTests;
			productName = AudioRecorderTests;
			productReference = E7DDA3C325D11A1C004F60E5 /* AudioRecorderTests.xctest */;
			productType = "com.apple.product-type.bundle.unit-test";
		};
		E7DDA3CD25D11A1C004F60E5 /* AudioRecorderUITests */ = {
			isa = PBXNativeTarget;
			buildConfigurationList = E7DDA3DD25D11A1C004F60E5 /* Build configuration list for PBXNativeTarget "AudioRecorderUITests" */;
			buildPhases = (
				E7DDA3CA25D11A1C004F60E5 /* Sources */,
				E7DDA3CB25D11A1C004F60E5 /* Frameworks */,
				E7DDA3CC25D11A1C004F60E5 /* Resources */,
			);
			buildRules = (
			);
			dependencies = (
				E7DDA3D025D11A1C004F60E5 /* PBXTargetDependency */,
			);
			name = AudioRecorderUITests;
			productName = AudioRecorderUITests;
			productReference = E7DDA3CE25D11A1C004F60E5 /* AudioRecorderUITests.xctest */;
			productType = "com.apple.product-type.bundle.ui-testing";
		};
/* End PBXNativeTarget section */

/* Begin PBXProject section */
		E7DDA3A525D11A1B004F60E5 /* Project object */ = {
			isa = PBXProject;
			attributes = {
				LastSwiftUpdateCheck = 1240;
				LastUpgradeCheck = 1240;
				TargetAttributes = {
					E7DDA3AC25D11A1B004F60E5 = {
						CreatedOnToolsVersion = 12.4;
					};
					E7DDA3C225D11A1C004F60E5 = {
						CreatedOnToolsVersion = 12.4;
						TestTargetID = E7DDA3AC25D11A1B004F60E5;
					};
					E7DDA3CD25D11A1C004F60E5 = {
						CreatedOnToolsVersion = 12.4;
						TestTargetID = E7DDA3AC25D11A1B004F60E5;
					};
				};
			};
			buildConfigurationList = E7DDA3A825D11A1B004F60E5 /* Build configuration list for PBXProject "AudioRecorder" */;
			compatibilityVersion = "Xcode 9.3";
			developmentRegion = en;
			hasScannedForEncodings = 0;
			knownRegions = (
				en,
				Base,
			);
			mainGroup = E7DDA3A425D11A1B004F60E5;
			productRefGroup = E7DDA3AE25D11A1B004F60E5 /* Products */;
			projectDirPath = "";
			projectRoot = "";
			targets = (
				E7DDA3AC25D11A1B004F60E5 /* AudioRecorder */,
				E7DDA3C225D11A1C004F60E5 /* AudioRecorderTests */,
				E7DDA3CD25D11A1C004F60E5 /* AudioRecorderUITests */,
			);
		};
/* End PBXProject section */

/* Begin PBXResourcesBuildPhase section */
		E7DDA3AB25D11A1B004F60E5 /* Resources */ = {
			isa = PBXResourcesBuildPhase;
			buildActionMask = 2147483647;
			files = (
				E7DDA3BD25D11A1C004F60E5 /* LaunchScreen.storyboard in Resources */,
				E7DDA3BA25D11A1C004F60E5 /* Assets.xcassets in Resources */,
				E7DDA3B825D11A1B004F60E5 /* Main.storyboard in Resources */,
			);
			runOnlyForDeploymentPostprocessing = 0;
		};
		E7DDA3C125D11A1C004F60E5 /* Resources */ = {
			isa = PBXResourcesBuildPhase;
			buildActionMask = 2147483647;
			files = (
			);
			runOnlyForDeploymentPostprocessing = 0;
		};
		E7DDA3CC25D11A1C004F60E5 /* Resources */ = {
			isa = PBXResourcesBuildPhase;
			buildActionMask = 2147483647;
			files = (
			);
			runOnlyForDeploymentPostprocessing = 0;
		};
/* End PBXResourcesBuildPhase section */

/* Begin PBXSourcesBuildPhase section */
		E7DDA3A925D11A1B004F60E5 /* Sources */ = {
			isa = PBXSourcesBuildPhase;
			buildActionMask = 2147483647;
			files = (
				E7DDA3B525D11A1B004F60E5 /* ViewController.swift in Sources */,
				E7DDA3B125D11A1B004F60E5 /* AppDelegate.swift in Sources */,
				E7DDA3E925D13E4E004F60E5 /* AudioPlayer.swift in Sources */,
				E7DDA3E425D11A2C004F60E5 /* AudioRecorder.swift in Sources */,
				E7DDA3B325D11A1B004F60E5 /* SceneDelegate.swift in Sources */,
				E5EAFE3326010311003A4F37 /* CalculateScore.swift in Sources */,
			);
			runOnlyForDeploymentPostprocessing = 0;
		};
		E7DDA3BF25D11A1C004F60E5 /* Sources */ = {
			isa = PBXSourcesBuildPhase;
			buildActionMask = 2147483647;
			files = (
				E7DDA3C825D11A1C004F60E5 /* AudioRecorderTests.swift in Sources */,
			);
			runOnlyForDeploymentPostprocessing = 0;
		};
		E7DDA3CA25D11A1C004F60E5 /* Sources */ = {
			isa = PBXSourcesBuildPhase;
			buildActionMask = 2147483647;
			files = (
				E7DDA3D325D11A1C004F60E5 /* AudioRecorderUITests.swift in Sources */,
			);
			runOnlyForDeploymentPostprocessing = 0;
		};
/* End PBXSourcesBuildPhase section */

/* Begin PBXTargetDependency section */
		E7DDA3C525D11A1C004F60E5 /* PBXTargetDependency */ = {
			isa = PBXTargetDependency;
			target = E7DDA3AC25D11A1B004F60E5 /* AudioRecorder */;
			targetProxy = E7DDA3C425D11A1C004F60E5 /* PBXContainerItemProxy */;
		};
		E7DDA3D025D11A1C004F60E5 /* PBXTargetDependency */ = {
			isa = PBXTargetDependency;
			target = E7DDA3AC25D11A1B004F60E5 /* AudioRecorder */;
			targetProxy = E7DDA3CF25D11A1C004F60E5 /* PBXContainerItemProxy */;
		};
/* End PBXTargetDependency section */

/* Begin PBXVariantGroup section */
		E7DDA3B625D11A1B004F60E5 /* Main.storyboard */ = {
			isa = PBXVariantGroup;
			children = (
				E7DDA3B725D11A1B004F60E5 /* Base */,
			);
			name = Main.storyboard;
			sourceTree = "<group>";
		};
		E7DDA3BB25D11A1C004F60E5 /* LaunchScreen.storyboard */ = {
			isa = PBXVariantGroup;
			children = (
				E7DDA3BC25D11A1C004F60E5 /* Base */,
			);
			name = LaunchScreen.storyboard;
			sourceTree = "<group>";
		};
/* End PBXVariantGroup section */

/* Begin XCBuildConfiguration section */
		E7DDA3D525D11A1C004F60E5 /* Debug */ = {
			isa = XCBuildConfiguration;
			buildSettings = {
				ALWAYS_SEARCH_USER_PATHS = NO;
				CLANG_ANALYZER_NONNULL = YES;
				CLANG_ANALYZER_NUMBER_OBJECT_CONVERSION = YES_AGGRESSIVE;
				CLANG_CXX_LANGUAGE_STANDARD = "gnu++14";
				CLANG_CXX_LIBRARY = "libc++";
				CLANG_ENABLE_MODULES = YES;
				CLANG_ENABLE_OBJC_ARC = YES;
				CLANG_ENABLE_OBJC_WEAK = YES;
				CLANG_WARN_BLOCK_CAPTURE_AUTORELEASING = YES;
				CLANG_WARN_BOOL_CONVERSION = YES;
				CLANG_WARN_COMMA = YES;
				CLANG_WARN_CONSTANT_CONVERSION = YES;
				CLANG_WARN_DEPRECATED_OBJC_IMPLEMENTATIONS = YES;
				CLANG_WARN_DIRECT_OBJC_ISA_USAGE = YES_ERROR;
				CLANG_WARN_DOCUMENTATION_COMMENTS = YES;
				CLANG_WARN_EMPTY_BODY = YES;
				CLANG_WARN_ENUM_CONVERSION = YES;
				CLANG_WARN_INFINITE_RECURSION = YES;
				CLANG_WARN_INT_CONVERSION = YES;
				CLANG_WARN_NON_LITERAL_NULL_CONVERSION = YES;
				CLANG_WARN_OBJC_IMPLICIT_RETAIN_SELF = YES;
				CLANG_WARN_OBJC_LITERAL_CONVERSION = YES;
				CLANG_WARN_OBJC_ROOT_CLASS = YES_ERROR;
				CLANG_WARN_QUOTED_INCLUDE_IN_FRAMEWORK_HEADER = YES;
				CLANG_WARN_RANGE_LOOP_ANALYSIS = YES;
				CLANG_WARN_STRICT_PROTOTYPES = YES;
				CLANG_WARN_SUSPICIOUS_MOVE = YES;
				CLANG_WARN_UNGUARDED_AVAILABILITY = YES_AGGRESSIVE;
				CLANG_WARN_UNREACHABLE_CODE = YES;
				CLANG_WARN__DUPLICATE_METHOD_MATCH = YES;
				COPY_PHASE_STRIP = NO;
				DEBUG_INFORMATION_FORMAT = dwarf;
				ENABLE_STRICT_OBJC_MSGSEND = YES;
				ENABLE_TESTABILITY = YES;
				GCC_C_LANGUAGE_STANDARD = gnu11;
				GCC_DYNAMIC_NO_PIC = NO;
				GCC_NO_COMMON_BLOCKS = YES;
				GCC_OPTIMIZATION_LEVEL = 0;
				GCC_PREPROCESSOR_DEFINITIONS = (
					"DEBUG=1",
					"$(inherited)",
				);
				GCC_WARN_64_TO_32_BIT_CONVERSION = YES;
				GCC_WARN_ABOUT_RETURN_TYPE = YES_ERROR;
				GCC_WARN_UNDECLARED_SELECTOR = YES;
				GCC_WARN_UNINITIALIZED_AUTOS = YES_AGGRESSIVE;
				GCC_WARN_UNUSED_FUNCTION = YES;
				GCC_WARN_UNUSED_VARIABLE = YES;
				IPHONEOS_DEPLOYMENT_TARGET = 14.4;
				MTL_ENABLE_DEBUG_INFO = INCLUDE_SOURCE;
				MTL_FAST_MATH = YES;
				ONLY_ACTIVE_ARCH = YES;
				SDKROOT = iphoneos;
				SWIFT_ACTIVE_COMPILATION_CONDITIONS = DEBUG;
				SWIFT_OPTIMIZATION_LEVEL = "-Onone";
			};
			name = Debug;
		};
		E7DDA3D625D11A1C004F60E5 /* Release */ = {
			isa = XCBuildConfiguration;
			buildSettings = {
				ALWAYS_SEARCH_USER_PATHS = NO;
				CLANG_ANALYZER_NONNULL = YES;
				CLANG_ANALYZER_NUMBER_OBJECT_CONVERSION = YES_AGGRESSIVE;
				CLANG_CXX_LANGUAGE_STANDARD = "gnu++14";
				CLANG_CXX_LIBRARY = "libc++";
				CLANG_ENABLE_MODULES = YES;
				CLANG_ENABLE_OBJC_ARC = YES;
				CLANG_ENABLE_OBJC_WEAK = YES;
				CLANG_WARN_BLOCK_CAPTURE_AUTORELEASING = YES;
				CLANG_WARN_BOOL_CONVERSION = YES;
				CLANG_WARN_COMMA = YES;
				CLANG_WARN_CONSTANT_CONVERSION = YES;
				CLANG_WARN_DEPRECATED_OBJC_IMPLEMENTATIONS = YES;
				CLANG_WARN_DIRECT_OBJC_ISA_USAGE = YES_ERROR;
				CLANG_WARN_DOCUMENTATION_COMMENTS = YES;
				CLANG_WARN_EMPTY_BODY = YES;
				CLANG_WARN_ENUM_CONVERSION = YES;
				CLANG_WARN_INFINITE_RECURSION = YES;
				CLANG_WARN_INT_CONVERSION = YES;
				CLANG_WARN_NON_LITERAL_NULL_CONVERSION = YES;
				CLANG_WARN_OBJC_IMPLICIT_RETAIN_SELF = YES;
				CLANG_WARN_OBJC_LITERAL_CONVERSION = YES;
				CLANG_WARN_OBJC_ROOT_CLASS = YES_ERROR;
				CLANG_WARN_QUOTED_INCLUDE_IN_FRAMEWORK_HEADER = YES;
				CLANG_WARN_RANGE_LOOP_ANALYSIS = YES;
				CLANG_WARN_STRICT_PROTOTYPES = YES;
				CLANG_WARN_SUSPICIOUS_MOVE = YES;
				CLANG_WARN_UNGUARDED_AVAILABILITY = YES_AGGRESSIVE;
				CLANG_WARN_UNREACHABLE_CODE = YES;
				CLANG_WARN__DUPLICATE_METHOD_MATCH = YES;
				COPY_PHASE_STRIP = NO;
				DEBUG_INFORMATION_FORMAT = "dwarf-with-dsym";
				ENABLE_NS_ASSERTIONS = NO;
				ENABLE_STRICT_OBJC_MSGSEND = YES;
				GCC_C_LANGUAGE_STANDARD = gnu11;
				GCC_NO_COMMON_BLOCKS = YES;
				GCC_WARN_64_TO_32_BIT_CONVERSION = YES;
				GCC_WARN_ABOUT_RETURN_TYPE = YES_ERROR;
				GCC_WARN_UNDECLARED_SELECTOR = YES;
				GCC_WARN_UNINITIALIZED_AUTOS = YES_AGGRESSIVE;
				GCC_WARN_UNUSED_FUNCTION = YES;
				GCC_WARN_UNUSED_VARIABLE = YES;
				IPHONEOS_DEPLOYMENT_TARGET = 14.4;
				MTL_ENABLE_DEBUG_INFO = NO;
				MTL_FAST_MATH = YES;
				SDKROOT = iphoneos;
				SWIFT_COMPILATION_MODE = wholemodule;
				SWIFT_OPTIMIZATION_LEVEL = "-O";
				VALIDATE_PRODUCT = YES;
			};
			name = Release;
		};
		E7DDA3D825D11A1C004F60E5 /* Debug */ = {
			isa = XCBuildConfiguration;
			buildSettings = {
				ASSETCATALOG_COMPILER_APPICON_NAME = AppIcon;
				ASSETCATALOG_COMPILER_GLOBAL_ACCENT_COLOR_NAME = AccentColor;
				CODE_SIGN_STYLE = Automatic;
				DEVELOPMENT_TEAM = CG2D7EX75K;
				INFOPLIST_FILE = AudioRecorder/Info.plist;
				LD_RUNPATH_SEARCH_PATHS = (
					"$(inherited)",
					"@executable_path/Frameworks",
				);
				PRODUCT_BUNDLE_IDENTIFIER = "com.evangelism-apple.AudioRecorder";
				PRODUCT_NAME = "$(TARGET_NAME)";
				SWIFT_VERSION = 5.0;
				TARGETED_DEVICE_FAMILY = "1,2";
			};
			name = Debug;
		};
		E7DDA3D925D11A1C004F60E5 /* Release */ = {
			isa = XCBuildConfiguration;
			buildSettings = {
				ASSETCATALOG_COMPILER_APPICON_NAME = AppIcon;
				ASSETCATALOG_COMPILER_GLOBAL_ACCENT_COLOR_NAME = AccentColor;
				CODE_SIGN_STYLE = Automatic;
				DEVELOPMENT_TEAM = CG2D7EX75K;
				INFOPLIST_FILE = AudioRecorder/Info.plist;
				LD_RUNPATH_SEARCH_PATHS = (
					"$(inherited)",
					"@executable_path/Frameworks",
				);
				PRODUCT_BUNDLE_IDENTIFIER = "com.evangelism-apple.AudioRecorder";
				PRODUCT_NAME = "$(TARGET_NAME)";
				SWIFT_VERSION = 5.0;
				TARGETED_DEVICE_FAMILY = "1,2";
			};
			name = Release;
		};
		E7DDA3DB25D11A1C004F60E5 /* Debug */ = {
			isa = XCBuildConfiguration;
			buildSettings = {
				ALWAYS_EMBED_SWIFT_STANDARD_LIBRARIES = YES;
				BUNDLE_LOADER = "$(TEST_HOST)";
				CODE_SIGN_STYLE = Automatic;
				DEVELOPMENT_TEAM = YYH8RCT74N;
				INFOPLIST_FILE = AudioRecorderTests/Info.plist;
				IPHONEOS_DEPLOYMENT_TARGET = 14.4;
				LD_RUNPATH_SEARCH_PATHS = (
					"$(inherited)",
					"@executable_path/Frameworks",
					"@loader_path/Frameworks",
				);
				PRODUCT_BUNDLE_IDENTIFIER = "com.evangelism-apple.AudioRecorderTests";
				PRODUCT_NAME = "$(TARGET_NAME)";
				SWIFT_VERSION = 5.0;
				TARGETED_DEVICE_FAMILY = "1,2";
				TEST_HOST = "$(BUILT_PRODUCTS_DIR)/AudioRecorder.app/AudioRecorder";
			};
			name = Debug;
		};
		E7DDA3DC25D11A1C004F60E5 /* Release */ = {
			isa = XCBuildConfiguration;
			buildSettings = {
				ALWAYS_EMBED_SWIFT_STANDARD_LIBRARIES = YES;
				BUNDLE_LOADER = "$(TEST_HOST)";
				CODE_SIGN_STYLE = Automatic;
				DEVELOPMENT_TEAM = YYH8RCT74N;
				INFOPLIST_FILE = AudioRecorderTests/Info.plist;
				IPHONEOS_DEPLOYMENT_TARGET = 14.4;
				LD_RUNPATH_SEARCH_PATHS = (
					"$(inherited)",
					"@executable_path/Frameworks",
					"@loader_path/Frameworks",
				);
				PRODUCT_BUNDLE_IDENTIFIER = "com.evangelism-apple.AudioRecorderTests";
				PRODUCT_NAME = "$(TARGET_NAME)";
				SWIFT_VERSION = 5.0;
				TARGETED_DEVICE_FAMILY = "1,2";
				TEST_HOST = "$(BUILT_PRODUCTS_DIR)/AudioRecorder.app/AudioRecorder";
			};
			name = Release;
		};
		E7DDA3DE25D11A1C004F60E5 /* Debug */ = {
			isa = XCBuildConfiguration;
			buildSettings = {
				ALWAYS_EMBED_SWIFT_STANDARD_LIBRARIES = YES;
				CODE_SIGN_STYLE = Automatic;
				DEVELOPMENT_TEAM = YYH8RCT74N;
				INFOPLIST_FILE = AudioRecorderUITests/Info.plist;
				LD_RUNPATH_SEARCH_PATHS = (
					"$(inherited)",
					"@executable_path/Frameworks",
					"@loader_path/Frameworks",
				);
				PRODUCT_BUNDLE_IDENTIFIER = "com.evangelism-apple.AudioRecorderUITests";
				PRODUCT_NAME = "$(TARGET_NAME)";
				SWIFT_VERSION = 5.0;
				TARGETED_DEVICE_FAMILY = "1,2";
				TEST_TARGET_NAME = AudioRecorder;
			};
			name = Debug;
		};
		E7DDA3DF25D11A1C004F60E5 /* Release */ = {
			isa = XCBuildConfiguration;
			buildSettings = {
				ALWAYS_EMBED_SWIFT_STANDARD_LIBRARIES = YES;
				CODE_SIGN_STYLE = Automatic;
				DEVELOPMENT_TEAM = YYH8RCT74N;
				INFOPLIST_FILE = AudioRecorderUITests/Info.plist;
				LD_RUNPATH_SEARCH_PATHS = (
					"$(inherited)",
					"@executable_path/Frameworks",
					"@loader_path/Frameworks",
				);
				PRODUCT_BUNDLE_IDENTIFIER = "com.evangelism-apple.AudioRecorderUITests";
				PRODUCT_NAME = "$(TARGET_NAME)";
				SWIFT_VERSION = 5.0;
				TARGETED_DEVICE_FAMILY = "1,2";
				TEST_TARGET_NAME = AudioRecorder;
			};
			name = Release;
		};
/* End XCBuildConfiguration section */

/* Begin XCConfigurationList section */
		E7DDA3A825D11A1B004F60E5 /* Build configuration list for PBXProject "AudioRecorder" */ = {
			isa = XCConfigurationList;
			buildConfigurations = (
				E7DDA3D525D11A1C004F60E5 /* Debug */,
				E7DDA3D625D11A1C004F60E5 /* Release */,
			);
			defaultConfigurationIsVisible = 0;
			defaultConfigurationName = Release;
		};
		E7DDA3D725D11A1C004F60E5 /* Build configuration list for PBXNativeTarget "AudioRecorder" */ = {
			isa = XCConfigurationList;
			buildConfigurations = (
				E7DDA3D825D11A1C004F60E5 /* Debug */,
				E7DDA3D925D11A1C004F60E5 /* Release */,
			);
			defaultConfigurationIsVisible = 0;
			defaultConfigurationName = Release;
		};
		E7DDA3DA25D11A1C004F60E5 /* Build configuration list for PBXNativeTarget "AudioRecorderTests" */ = {
			isa = XCConfigurationList;
			buildConfigurations = (
				E7DDA3DB25D11A1C004F60E5 /* Debug */,
				E7DDA3DC25D11A1C004F60E5 /* Release */,
			);
			defaultConfigurationIsVisible = 0;
			defaultConfigurationName = Release;
		};
		E7DDA3DD25D11A1C004F60E5 /* Build configuration list for PBXNativeTarget "AudioRecorderUITests" */ = {
			isa = XCConfigurationList;
			buildConfigurations = (
				E7DDA3DE25D11A1C004F60E5 /* Debug */,
				E7DDA3DF25D11A1C004F60E5 /* Release */,
			);
			defaultConfigurationIsVisible = 0;
			defaultConfigurationName = Release;
		};
/* End XCConfigurationList section */
	};
	rootObject = E7DDA3A525D11A1B004F60E5 /* Project object */;
}
